
Microsoft Visual Studio Solution File, Format Version 12.00
# Visual Studio 15
VisualStudioVersion = 15.0.26124.0
MinimumVisualStudioVersion = 15.0.26124.0
Project("{FAE04EC0-301F-11D3-BF4B-00C04F79EFBC}") = "VaraniumSharp.DryIoc", "VaraniumSharp.DryIoc\VaraniumSharp.DryIoc.csproj", "{DA9063BD-6F1A-49CB-829E-C9505FF23665}"
EndProject
Project("{FAE04EC0-301F-11D3-BF4B-00C04F79EFBC}") = "VaraniumSharp.DryIoc.Tests", "VaraniumSharp.DryIoc.Tests\VaraniumSharp.DryIoc.Tests.csproj", "{F8A29FF7-FE00-407F-B89C-706D21E1BD9B}"
EndProject
Global
	GlobalSection(SolutionConfigurationPlatforms) = preSolution
		Debug|Any CPU = Debug|Any CPU
		Debug|x64 = Debug|x64
		Debug|x86 = Debug|x86
		Release|Any CPU = Release|Any CPU
		Release|x64 = Release|x64
		Release|x86 = Release|x86
	EndGlobalSection
	GlobalSection(SolutionProperties) = preSolution
		HideSolutionNode = FALSE
	EndGlobalSection
	GlobalSection(ProjectConfigurationPlatforms) = postSolution
		{DA9063BD-6F1A-49CB-829E-C9505FF23665}.Debug|Any CPU.ActiveCfg = Debug|Any CPU
		{DA9063BD-6F1A-49CB-829E-C9505FF23665}.Debug|Any CPU.Build.0 = Debug|Any CPU
		{DA9063BD-6F1A-49CB-829E-C9505FF23665}.Debug|x64.ActiveCfg = Debug|Any CPU
		{DA9063BD-6F1A-49CB-829E-C9505FF23665}.Debug|x64.Build.0 = Debug|Any CPU
		{DA9063BD-6F1A-49CB-829E-C9505FF23665}.Debug|x86.ActiveCfg = Debug|Any CPU
		{DA9063BD-6F1A-49CB-829E-C9505FF23665}.Debug|x86.Build.0 = Debug|Any CPU
		{DA9063BD-6F1A-49CB-829E-C9505FF23665}.Release|Any CPU.ActiveCfg = Release|Any CPU
		{DA9063BD-6F1A-49CB-829E-C9505FF23665}.Release|Any CPU.Build.0 = Release|Any CPU
		{DA9063BD-6F1A-49CB-829E-C9505FF23665}.Release|x64.ActiveCfg = Release|Any CPU
		{DA9063BD-6F1A-49CB-829E-C9505FF23665}.Release|x64.Build.0 = Release|Any CPU
		{DA9063BD-6F1A-49CB-829E-C9505FF23665}.Release|x86.ActiveCfg = Release|Any CPU
		{DA9063BD-6F1A-49CB-829E-C9505FF23665}.Release|x86.Build.0 = Release|Any CPU
		{F8A29FF7-FE00-407F-B89C-706D21E1BD9B}.Debug|Any CPU.ActiveCfg = Debug|Any CPU
		{F8A29FF7-FE00-407F-B89C-706D21E1BD9B}.Debug|Any CPU.Build.0 = Debug|Any CPU
		{F8A29FF7-FE00-407F-B89C-706D21E1BD9B}.Debug|x64.ActiveCfg = Debug|Any CPU
		{F8A29FF7-FE00-407F-B89C-706D21E1BD9B}.Debug|x64.Build.0 = Debug|Any CPU
		{F8A29FF7-FE00-407F-B89C-706D21E1BD9B}.Debug|x86.ActiveCfg = Debug|Any CPU
		{F8A29FF7-FE00-407F-B89C-706D21E1BD9B}.Debug|x86.Build.0 = Debug|Any CPU
		{F8A29FF7-FE00-407F-B89C-706D21E1BD9B}.Release|Any CPU.ActiveCfg = Release|Any CPU
		{F8A29FF7-FE00-407F-B89C-706D21E1BD9B}.Release|Any CPU.Build.0 = Release|Any CPU
		{F8A29FF7-FE00-407F-B89C-706D21E1BD9B}.Release|x64.ActiveCfg = Release|Any CPU
		{F8A29FF7-FE00-407F-B89C-706D21E1BD9B}.Release|x64.Build.0 = Release|Any CPU
		{F8A29FF7-FE00-407F-B89C-706D21E1BD9B}.Release|x86.ActiveCfg = Release|Any CPU
		{F8A29FF7-FE00-407F-B89C-706D21E1BD9B}.Release|x86.Build.0 = Release|Any CPU
	EndGlobalSection
EndGlobal
